
Microsoft Visual Studio Solution File, Format Version 12.00
# Visual Studio Version 17
VisualStudioVersion = 17.10.35004.147
MinimumVisualStudioVersion = 10.0.40219.1
Project("{FAE04EC0-301F-11D3-BF4B-00C04F79EFBC}") = "EvaporadorPlantaCliente", "EvaporadorPlantaCliente\EvaporadorPlantaCliente.csproj", "{B652D4B8-4D63-43CB-BF04-4B036E3D21AD}"
EndProject
Global
	GlobalSection(SolutionConfigurationPlatforms) = preSolution
		Debug|Any CPU = Debug|Any CPU
		Release|Any CPU = Release|Any CPU
	EndGlobalSection
	GlobalSection(ProjectConfigurationPlatforms) = postSolution
		{B652D4B8-4D63-43CB-BF04-4B036E3D21AD}.Debug|Any CPU.ActiveCfg = Debug|Any CPU
		{B652D4B8-4D63-43CB-BF04-4B036E3D21AD}.Debug|Any CPU.Build.0 = Debug|Any CPU
		{B652D4B8-4D63-43CB-BF04-4B036E3D21AD}.Release|Any CPU.ActiveCfg = Release|Any CPU
		{B652D4B8-4D63-43CB-BF04-4B036E3D21AD}.Release|Any CPU.Build.0 = Release|Any CPU
	EndGlobalSection
	GlobalSection(SolutionProperties) = preSolution
		HideSolutionNode = FALSE
	EndGlobalSection
	GlobalSection(ExtensibilityGlobals) = postSolution
		SolutionGuid = {47050137-ED55-4A53-A287-6D2FB2B25A39}
	EndGlobalSection
EndGlobal
